
Microsoft Visual Studio Solution File, Format Version 12.00
# Visual Studio Version 16
VisualStudioVersion = 16.0.29920.165
MinimumVisualStudioVersion = 10.0.40219.1
Project("{FAE04EC0-301F-11D3-BF4B-00C04F79EFBC}") = "ToDoListMVC", "ToDoListMVC\ToDoListMVC.csproj", "{3F9A686C-56AC-459F-AF16-2EE15D6C1A3F}"
EndProject
Global
	GlobalSection(SolutionConfigurationPlatforms) = preSolution
		Debug|Any CPU = Debug|Any CPU
		Release|Any CPU = Release|Any CPU
	EndGlobalSection
	GlobalSection(ProjectConfigurationPlatforms) = postSolution
		{3F9A686C-56AC-459F-AF16-2EE15D6C1A3F}.Debug|Any CPU.ActiveCfg = Debug|Any CPU
		{3F9A686C-56AC-459F-AF16-2EE15D6C1A3F}.Debug|Any CPU.Build.0 = Debug|Any CPU
		{3F9A686C-56AC-459F-AF16-2EE15D6C1A3F}.Release|Any CPU.ActiveCfg = Release|Any CPU
		{3F9A686C-56AC-459F-AF16-2EE15D6C1A3F}.Release|Any CPU.Build.0 = Release|Any CPU
	EndGlobalSection
	GlobalSection(SolutionProperties) = preSolution
		HideSolutionNode = FALSE
	EndGlobalSection
	GlobalSection(ExtensibilityGlobals) = postSolution
		SolutionGuid = {E3485E86-9935-4D11-9B9F-1609237EF0AF}
	EndGlobalSection
EndGlobal
